
Microsoft Visual Studio Solution File, Format Version 12.00
# Visual Studio Version 16
VisualStudioVersion = 16.0.31321.278
MinimumVisualStudioVersion = 10.0.40219.1
Project("{FAE04EC0-301F-11D3-BF4B-00C04F79EFBC}") = "Palindromos", "Palindromos\Palindromos.csproj", "{243ACC30-014F-474D-B231-14CFBD6215D4}"
EndProject
Global
	GlobalSection(SolutionConfigurationPlatforms) = preSolution
		Debug|Any CPU = Debug|Any CPU
		Release|Any CPU = Release|Any CPU
	EndGlobalSection
	GlobalSection(ProjectConfigurationPlatforms) = postSolution
		{243ACC30-014F-474D-B231-14CFBD6215D4}.Debug|Any CPU.ActiveCfg = Debug|Any CPU
		{243ACC30-014F-474D-B231-14CFBD6215D4}.Debug|Any CPU.Build.0 = Debug|Any CPU
		{243ACC30-014F-474D-B231-14CFBD6215D4}.Release|Any CPU.ActiveCfg = Release|Any CPU
		{243ACC30-014F-474D-B231-14CFBD6215D4}.Release|Any CPU.Build.0 = Release|Any CPU
	EndGlobalSection
	GlobalSection(SolutionProperties) = preSolution
		HideSolutionNode = FALSE
	EndGlobalSection
	GlobalSection(ExtensibilityGlobals) = postSolution
		SolutionGuid = {68F5DD07-90D7-498F-B742-9A1D22A5F034}
	EndGlobalSection
EndGlobal
